
Microsoft Visual Studio Solution File, Format Version 12.00
# Visual Studio 14
VisualStudioVersion = 14.0.25420.1
MinimumVisualStudioVersion = 10.0.40219.1
Project("{FAE04EC0-301F-11D3-BF4B-00C04F79EFBC}") = "PointsTrading", "PointsTrading\PointsTrading.csproj", "{97D4FCB2-79AA-45C1-8E7C-3CC41570753E}"
EndProject
Project("{FAE04EC0-301F-11D3-BF4B-00C04F79EFBC}") = "PointsTradingBusinessLayer", "PointsTradingBusinessLayer\PointsTradingBusinessLayer.csproj", "{4887DBB0-2A76-4336-B67D-C7E7F25A99AF}"
EndProject
Project("{FAE04EC0-301F-11D3-BF4B-00C04F79EFBC}") = "PointsTradingDataAccessLayer", "PointsTradingDataAccessLayer\PointsTradingDataAccessLayer.csproj", "{12A4533D-A46C-49AE-9987-08FCCAAF6F53}"
EndProject
Global
	GlobalSection(SolutionConfigurationPlatforms) = preSolution
		Debug|Any CPU = Debug|Any CPU
		Release|Any CPU = Release|Any CPU
	EndGlobalSection
	GlobalSection(ProjectConfigurationPlatforms) = postSolution
		{97D4FCB2-79AA-45C1-8E7C-3CC41570753E}.Debug|Any CPU.ActiveCfg = Debug|Any CPU
		{97D4FCB2-79AA-45C1-8E7C-3CC41570753E}.Debug|Any CPU.Build.0 = Debug|Any CPU
		{97D4FCB2-79AA-45C1-8E7C-3CC41570753E}.Release|Any CPU.ActiveCfg = Release|Any CPU
		{97D4FCB2-79AA-45C1-8E7C-3CC41570753E}.Release|Any CPU.Build.0 = Release|Any CPU
		{4887DBB0-2A76-4336-B67D-C7E7F25A99AF}.Debug|Any CPU.ActiveCfg = Debug|Any CPU
		{4887DBB0-2A76-4336-B67D-C7E7F25A99AF}.Debug|Any CPU.Build.0 = Debug|Any CPU
		{4887DBB0-2A76-4336-B67D-C7E7F25A99AF}.Release|Any CPU.ActiveCfg = Release|Any CPU
		{4887DBB0-2A76-4336-B67D-C7E7F25A99AF}.Release|Any CPU.Build.0 = Release|Any CPU
		{12A4533D-A46C-49AE-9987-08FCCAAF6F53}.Debug|Any CPU.ActiveCfg = Debug|Any CPU
		{12A4533D-A46C-49AE-9987-08FCCAAF6F53}.Debug|Any CPU.Build.0 = Debug|Any CPU
		{12A4533D-A46C-49AE-9987-08FCCAAF6F53}.Release|Any CPU.ActiveCfg = Release|Any CPU
		{12A4533D-A46C-49AE-9987-08FCCAAF6F53}.Release|Any CPU.Build.0 = Release|Any CPU
	EndGlobalSection
	GlobalSection(SolutionProperties) = preSolution
		HideSolutionNode = FALSE
	EndGlobalSection
EndGlobal
